
Microsoft Visual Studio Solution File, Format Version 12.00
# Visual Studio 15
VisualStudioVersion = 15.0.26730.12
MinimumVisualStudioVersion = 10.0.40219.1
Project("{FAE04EC0-301F-11D3-BF4B-00C04F79EFBC}") = "Week7", "Week7\Week7.csproj", "{89A45575-7A21-4748-97C7-DA2126D944A9}"
EndProject
Global
	GlobalSection(SolutionConfigurationPlatforms) = preSolution
		Debug|Any CPU = Debug|Any CPU
		Release|Any CPU = Release|Any CPU
	EndGlobalSection
	GlobalSection(ProjectConfigurationPlatforms) = postSolution
		{89A45575-7A21-4748-97C7-DA2126D944A9}.Debug|Any CPU.ActiveCfg = Debug|Any CPU
		{89A45575-7A21-4748-97C7-DA2126D944A9}.Debug|Any CPU.Build.0 = Debug|Any CPU
		{89A45575-7A21-4748-97C7-DA2126D944A9}.Release|Any CPU.ActiveCfg = Release|Any CPU
		{89A45575-7A21-4748-97C7-DA2126D944A9}.Release|Any CPU.Build.0 = Release|Any CPU
	EndGlobalSection
	GlobalSection(SolutionProperties) = preSolution
		HideSolutionNode = FALSE
	EndGlobalSection
	GlobalSection(ExtensibilityGlobals) = postSolution
		SolutionGuid = {ACDDA80F-711F-48EC-9AC4-D2627206F4A0}
	EndGlobalSection
EndGlobal
